// !$*UTF8*$!
{
	archiveVersion = 1;
	classes = {
	};
	objectVersion = 48;
	objects = {

/* Begin PBXBuildFile section */
		DF39B3991F8DEEB300BC92B5 /* RatingControl.swift in Sources */ = {isa = PBXBuildFile; fileRef = DF39B3981F8DEEB300BC92B5 /* RatingControl.swift */; };
		DF7B916D1F8B4BDA00118012 /* AppDelegate.swift in Sources */ = {isa = PBXBuildFile; fileRef = DF7B916C1F8B4BDA00118012 /* AppDelegate.swift */; };
		DF7B916F1F8B4BDA00118012 /* ViewController.swift in Sources */ = {isa = PBXBuildFile; fileRef = DF7B916E1F8B4BDA00118012 /* ViewController.swift */; };
		DF7B91721F8B4BDA00118012 /* Main.storyboard in Resources */ = {isa = PBXBuildFile; fileRef = DF7B91701F8B4BDA00118012 /* Main.storyboard */; };
		DF7B91741F8B4BDA00118012 /* Assets.xcassets in Resources */ = {isa = PBXBuildFile; fileRef = DF7B91731F8B4BDA00118012 /* Assets.xcassets */; };
		DF7B91771F8B4BDB00118012 /* LaunchScreen.storyboard in Resources */ = {isa = PBXBuildFile; fileRef = DF7B91751F8B4BDB00118012 /* LaunchScreen.storyboard */; };
		DF7B91821F8B4BDB00118012 /* FoodTrackerTests.swift in Sources */ = {isa = PBXBuildFile; fileRef = DF7B91811F8B4BDB00118012 /* FoodTrackerTests.swift */; };
		DFC9C9CE1F91BFA00076264B /* Meal.swift in Sources */ = {isa = PBXBuildFile; fileRef = DFC9C9CD1F91BFA00076264B /* Meal.swift */; };
/* End PBXBuildFile section */

/* Begin PBXContainerItemProxy section */
		DF7B917E1F8B4BDB00118012 /* PBXContainerItemProxy */ = {
			isa = PBXContainerItemProxy;
			containerPortal = DF7B91611F8B4BDA00118012 /* Project object */;
			proxyType = 1;
			remoteGlobalIDString = DF7B91681F8B4BDA00118012;
			remoteInfo = FoodTracker;
		};
/* End PBXContainerItemProxy section */

/* Begin PBXFileReference section */
		DF39B3981F8DEEB300BC92B5 /* RatingControl.swift */ = {isa = PBXFileReference; lastKnownFileType = sourcecode.swift; path = RatingControl.swift; sourceTree = "<group>"; };
		DF7B91691F8B4BDA00118012 /* FoodTracker.app */ = {isa = PBXFileReference; explicitFileType = wrapper.application; includeInIndex = 0; path = FoodTracker.app; sourceTree = BUILT_PRODUCTS_DIR; };
		DF7B916C1F8B4BDA00118012 /* AppDelegate.swift */ = {isa = PBXFileReference; lastKnownFileType = sourcecode.swift; path = AppDelegate.swift; sourceTree = "<group>"; };
		DF7B916E1F8B4BDA00118012 /* ViewController.swift */ = {isa = PBXFileReference; lastKnownFileType = sourcecode.swift; path = ViewController.swift; sourceTree = "<group>"; };
		DF7B91711F8B4BDA00118012 /* Base */ = {isa = PBXFileReference; lastKnownFileType = file.storyboard; name = Base; path = Base.lproj/Main.storyboard; sourceTree = "<group>"; };
		DF7B91731F8B4BDA00118012 /* Assets.xcassets */ = {isa = PBXFileReference; lastKnownFileType = folder.assetcatalog; path = Assets.xcassets; sourceTree = "<group>"; };
		DF7B91761F8B4BDB00118012 /* Base */ = {isa = PBXFileReference; lastKnownFileType = file.storyboard; name = Base; path = Base.lproj/LaunchScreen.storyboard; sourceTree = "<group>"; };
		DF7B91781F8B4BDB00118012 /* Info.plist */ = {isa = PBXFileReference; lastKnownFileType = text.plist.xml; path = Info.plist; sourceTree = "<group>"; };
		DF7B917D1F8B4BDB00118012 /* FoodTrackerTests.xctest */ = {isa = PBXFileReference; explicitFileType = wrapper.cfbundle; includeInIndex = 0; path = FoodTrackerTests.xctest; sourceTree = BUILT_PRODUCTS_DIR; };
		DF7B91811F8B4BDB00118012 /* FoodTrackerTests.swift */ = {isa = PBXFileReference; lastKnownFileType = sourcecode.swift; path = FoodTrackerTests.swift; sourceTree = "<group>"; };
		DF7B91831F8B4BDB00118012 /* Info.plist */ = {isa = PBXFileReference; lastKnownFileType = text.plist.xml; path = Info.plist; sourceTree = "<group>"; };
		DFC9C9CD1F91BFA00076264B /* Meal.swift */ = {isa = PBXFileReference; lastKnownFileType = sourcecode.swift; path = Meal.swift; sourceTree = "<group>"; };
/* End PBXFileReference section */

/* Begin PBXFrameworksBuildPhase section */
		DF7B91661F8B4BDA00118012 /* Frameworks */ = {
			isa = PBXFrameworksBuildPhase;
			buildActionMask = 2147483647;
			files = (
			);
			runOnlyForDeploymentPostprocessing = 0;
		};
		DF7B917A1F8B4BDB00118012 /* Frameworks */ = {
			isa = PBXFrameworksBuildPhase;
			buildActionMask = 2147483647;
			files = (
			);
			runOnlyForDeploymentPostprocessing = 0;
		};
/* End PBXFrameworksBuildPhase section */

/* Begin PBXGroup section */
		DF7B91601F8B4BDA00118012 = {
			isa = PBXGroup;
			children = (
				DF7B916B1F8B4BDA00118012 /* FoodTracker */,
				DF7B91801F8B4BDB00118012 /* FoodTrackerTests */,
				DF7B916A1F8B4BDA00118012 /* Products */,
			);
			sourceTree = "<group>";
		};
		DF7B916A1F8B4BDA00118012 /* Products */ = {
			isa = PBXGroup;
			children = (
				DF7B91691F8B4BDA00118012 /* FoodTracker.app */,
				DF7B917D1F8B4BDB00118012 /* FoodTrackerTests.xctest */,
			);
			name = Products;
			sourceTree = "<group>";
		};
		DF7B916B1F8B4BDA00118012 /* FoodTracker */ = {
			isa = PBXGroup;
			children = (
				DF7B916C1F8B4BDA00118012 /* AppDelegate.swift */,
				DF7B916E1F8B4BDA00118012 /* ViewController.swift */,
				DF39B3981F8DEEB300BC92B5 /* RatingControl.swift */,
				DF7B91701F8B4BDA00118012 /* Main.storyboard */,
				DFC9C9CD1F91BFA00076264B /* Meal.swift */,
				DF7B91731F8B4BDA00118012 /* Assets.xcassets */,
				DF7B91751F8B4BDB00118012 /* LaunchScreen.storyboard */,
				DF7B91781F8B4BDB00118012 /* Info.plist */,
			);
			path = FoodTracker;
			sourceTree = "<group>";
		};
		DF7B91801F8B4BDB00118012 /* FoodTrackerTests */ = {
			isa = PBXGroup;
			children = (
				DF7B91811F8B4BDB00118012 /* FoodTrackerTests.swift */,
				DF7B91831F8B4BDB00118012 /* Info.plist */,
			);
			path = FoodTrackerTests;
			sourceTree = "<group>";
		};
/* End PBXGroup section */

/* Begin PBXNativeTarget section */
		DF7B91681F8B4BDA00118012 /* FoodTracker */ = {
			isa = PBXNativeTarget;
			buildConfigurationList = DF7B91861F8B4BDB00118012 /* Build configuration list for PBXNativeTarget "FoodTracker" */;
			buildPhases = (
				DF7B91651F8B4BDA00118012 /* Sources */,
				DF7B91661F8B4BDA00118012 /* Frameworks */,
				DF7B91671F8B4BDA00118012 /* Resources */,
			);
			buildRules = (
			);
			dependencies = (
			);
			name = FoodTracker;
			productName = FoodTracker;
			productReference = DF7B91691F8B4BDA00118012 /* FoodTracker.app */;
			productType = "com.apple.product-type.application";
		};
		DF7B917C1F8B4BDB00118012 /* FoodTrackerTests */ = {
			isa = PBXNativeTarget;
			buildConfigurationList = DF7B91891F8B4BDB00118012 /* Build configuration list for PBXNativeTarget "FoodTrackerTests" */;
			buildPhases = (
				DF7B91791F8B4BDB00118012 /* Sources */,
				DF7B917A1F8B4BDB00118012 /* Frameworks */,
				DF7B917B1F8B4BDB00118012 /* Resources */,
			);
			buildRules = (
			);
			dependencies = (
				DF7B917F1F8B4BDB00118012 /* PBXTargetDependency */,
			);
			name = FoodTrackerTests;
			productName = FoodTrackerTests;
			productReference = DF7B917D1F8B4BDB00118012 /* FoodTrackerTests.xctest */;
			productType = "com.apple.product-type.bundle.unit-test";
		};
/* End PBXNativeTarget section */

/* Begin PBXProject section */
		DF7B91611F8B4BDA00118012 /* Project object */ = {
			isa = PBXProject;
			attributes = {
				LastSwiftUpdateCheck = 0900;
				LastUpgradeCheck = 0900;
				ORGANIZATIONNAME = "Yihong Chen";
				TargetAttributes = {
					DF7B91681F8B4BDA00118012 = {
						CreatedOnToolsVersion = 9.0;
						ProvisioningStyle = Automatic;
					};
					DF7B917C1F8B4BDB00118012 = {
						CreatedOnToolsVersion = 9.0;
						ProvisioningStyle = Automatic;
						TestTargetID = DF7B91681F8B4BDA00118012;
					};
				};
			};
			buildConfigurationList = DF7B91641F8B4BDA00118012 /* Build configuration list for PBXProject "FoodTracker" */;
			compatibilityVersion = "Xcode 8.0";
			developmentRegion = en;
			hasScannedForEncodings = 0;
			knownRegions = (
				en,
				Base,
			);
			mainGroup = DF7B91601F8B4BDA00118012;
			productRefGroup = DF7B916A1F8B4BDA00118012 /* Products */;
			projectDirPath = "";
			projectRoot = "";
			targets = (
				DF7B91681F8B4BDA00118012 /* FoodTracker */,
				DF7B917C1F8B4BDB00118012 /* FoodTrackerTests */,
			);
		};
/* End PBXProject section */

/* Begin PBXResourcesBuildPhase section */
		DF7B91671F8B4BDA00118012 /* Resources */ = {
			isa = PBXResourcesBuildPhase;
			buildActionMask = 2147483647;
			files = (
				DF7B91771F8B4BDB00118012 /* LaunchScreen.storyboard in Resources */,
				DF7B91741F8B4BDA00118012 /* Assets.xcassets in Resources */,
				DF7B91721F8B4BDA00118012 /* Main.storyboard in Resources */,
			);
			runOnlyForDeploymentPostprocessing = 0;
		};
		DF7B917B1F8B4BDB00118012 /* Resources */ = {
			isa = PBXResourcesBuildPhase;
			buildActionMask = 2147483647;
			files = (
			);
			runOnlyForDeploymentPostprocessing = 0;
		};
/* End PBXResourcesBuildPhase section */

/* Begin PBXSourcesBuildPhase section */
		DF7B91651F8B4BDA00118012 /* Sources */ = {
			isa = PBXSourcesBuildPhase;
			buildActionMask = 2147483647;
			files = (
				DFC9C9CE1F91BFA00076264B /* Meal.swift in Sources */,
				DF7B916F1F8B4BDA00118012 /* ViewController.swift in Sources */,
				DF39B3991F8DEEB300BC92B5 /* RatingControl.swift in Sources */,
				DF7B916D1F8B4BDA00118012 /* AppDelegate.swift in Sources */,
			);
			runOnlyForDeploymentPostprocessing = 0;
		};
		DF7B91791F8B4BDB00118012 /* Sources */ = {
			isa = PBXSourcesBuildPhase;
			buildActionMask = 2147483647;
			files = (
				DF7B91821F8B4BDB00118012 /* FoodTrackerTests.swift in Sources */,
			);
			runOnlyForDeploymentPostprocessing = 0;
		};
/* End PBXSourcesBuildPhase section */

/* Begin PBXTargetDependency section */
		DF7B917F1F8B4BDB00118012 /* PBXTargetDependency */ = {
			isa = PBXTargetDependency;
			target = DF7B91681F8B4BDA00118012 /* FoodTracker */;
			targetProxy = DF7B917E1F8B4BDB00118012 /* PBXContainerItemProxy */;
		};
/* End PBXTargetDependency section */

/* Begin PBXVariantGroup section */
		DF7B91701F8B4BDA00118012 /* Main.storyboard */ = {
			isa = PBXVariantGroup;
			children = (
				DF7B91711F8B4BDA00118012 /* Base */,
			);
			name = Main.storyboard;
			sourceTree = "<group>";
		};
		DF7B91751F8B4BDB00118012 /* LaunchScreen.storyboard */ = {
			isa = PBXVariantGroup;
			children = (
				DF7B91761F8B4BDB00118012 /* Base */,
			);
			name = LaunchScreen.storyboard;
			sourceTree = "<group>";
		};
/* End PBXVariantGroup section */

/* Begin XCBuildConfiguration section */
		DF7B91841F8B4BDB00118012 /* Debug */ = {
			isa = XCBuildConfiguration;
			buildSettings = {
				ALWAYS_SEARCH_USER_PATHS = NO;
				CLANG_ANALYZER_NONNULL = YES;
				CLANG_ANALYZER_NUMBER_OBJECT_CONVERSION = YES_AGGRESSIVE;
				CLANG_CXX_LANGUAGE_STANDARD = "gnu++14";
				CLANG_CXX_LIBRARY = "libc++";
				CLANG_ENABLE_MODULES = YES;
				CLANG_ENABLE_OBJC_ARC = YES;
				CLANG_WARN_BLOCK_CAPTURE_AUTORELEASING = YES;
				CLANG_WARN_BOOL_CONVERSION = YES;
				CLANG_WARN_COMMA = YES;
				CLANG_WARN_CONSTANT_CONVERSION = YES;
				CLANG_WARN_DIRECT_OBJC_ISA_USAGE = YES_ERROR;
				CLANG_WARN_DOCUMENTATION_COMMENTS = YES;
				CLANG_WARN_EMPTY_BODY = YES;
				CLANG_WARN_ENUM_CONVERSION = YES;
				CLANG_WARN_INFINITE_RECURSION = YES;
				CLANG_WARN_INT_CONVERSION = YES;
				CLANG_WARN_NON_LITERAL_NULL_CONVERSION = YES;
				CLANG_WARN_OBJC_LITERAL_CONVERSION = YES;
				CLANG_WARN_OBJC_ROOT_CLASS = YES_ERROR;
				CLANG_WARN_RANGE_LOOP_ANALYSIS = YES;
				CLANG_WARN_STRICT_PROTOTYPES = YES;
				CLANG_WARN_SUSPICIOUS_MOVE = YES;
				CLANG_WARN_UNGUARDED_AVAILABILITY = YES_AGGRESSIVE;
				CLANG_WARN_UNREACHABLE_CODE = YES;
				CLANG_WARN__DUPLICATE_METHOD_MATCH = YES;
				CODE_SIGN_IDENTITY = "iPhone Developer";
				COPY_PHASE_STRIP = NO;
				DEBUG_INFORMATION_FORMAT = dwarf;
				ENABLE_STRICT_OBJC_MSGSEND = YES;
				ENABLE_TESTABILITY = YES;
				GCC_C_LANGUAGE_STANDARD = gnu11;
				GCC_DYNAMIC_NO_PIC = NO;
				GCC_NO_COMMON_BLOCKS = YES;
				GCC_OPTIMIZATION_LEVEL = 0;
				GCC_PREPROCESSOR_DEFINITIONS = (
					"DEBUG=1",
					"$(inherited)",
				);
				GCC_WARN_64_TO_32_BIT_CONVERSION = YES;
				GCC_WARN_ABOUT_RETURN_TYPE = YES_ERROR;
				GCC_WARN_UNDECLARED_SELECTOR = YES;
				GCC_WARN_UNINITIALIZED_AUTOS = YES_AGGRESSIVE;
				GCC_WARN_UNUSED_FUNCTION = YES;
				GCC_WARN_UNUSED_VARIABLE = YES;
				IPHONEOS_DEPLOYMENT_TARGET = 11.0;
				MTL_ENABLE_DEBUG_INFO = YES;
				ONLY_ACTIVE_ARCH = YES;
				SDKROOT = iphoneos;
				SWIFT_ACTIVE_COMPILATION_CONDITIONS = DEBUG;
				SWIFT_OPTIMIZATION_LEVEL = "-Onone";
			};
			name = Debug;
		};
		DF7B91851F8B4BDB00118012 /* Release */ = {
			isa = XCBuildConfiguration;
			buildSettings = {
				ALWAYS_SEARCH_USER_PATHS = NO;
				CLANG_ANALYZER_NONNULL = YES;
				CLANG_ANALYZER_NUMBER_OBJECT_CONVERSION = YES_AGGRESSIVE;
				CLANG_CXX_LANGUAGE_STANDARD = "gnu++14";
				CLANG_CXX_LIBRARY = "libc++";
				CLANG_ENABLE_MODULES = YES;
				CLANG_ENABLE_OBJC_ARC = YES;
				CLANG_WARN_BLOCK_CAPTURE_AUTORELEASING = YES;
				CLANG_WARN_BOOL_CONVERSION = YES;
				CLANG_WARN_COMMA = YES;
				CLANG_WARN_CONSTANT_CONVERSION = YES;
				CLANG_WARN_DIRECT_OBJC_ISA_USAGE = YES_ERROR;
				CLANG_WARN_DOCUMENTATION_COMMENTS = YES;
				CLANG_WARN_EMPTY_BODY = YES;
				CLANG_WARN_ENUM_CONVERSION = YES;
				CLANG_WARN_INFINITE_RECURSION = YES;
				CLANG_WARN_INT_CONVERSION = YES;
				CLANG_WARN_NON_LITERAL_NULL_CONVERSION = YES;
				CLANG_WARN_OBJC_LITERAL_CONVERSION = YES;
				CLANG_WARN_OBJC_ROOT_CLASS = YES_ERROR;
				CLANG_WARN_RANGE_LOOP_ANALYSIS = YES;
				CLANG_WARN_STRICT_PROTOTYPES = YES;
				CLANG_WARN_SUSPICIOUS_MOVE = YES;
				CLANG_WARN_UNGUARDED_AVAILABILITY = YES_AGGRESSIVE;
				CLANG_WARN_UNREACHABLE_CODE = YES;
				CLANG_WARN__DUPLICATE_METHOD_MATCH = YES;
				CODE_SIGN_IDENTITY = "iPhone Developer";
				COPY_PHASE_STRIP = NO;
				DEBUG_INFORMATION_FORMAT = "dwarf-with-dsym";
				ENABLE_NS_ASSERTIONS = NO;
				ENABLE_STRICT_OBJC_MSGSEND = YES;
				GCC_C_LANGUAGE_STANDARD = gnu11;
				GCC_NO_COMMON_BLOCKS = YES;
				GCC_WARN_64_TO_32_BIT_CONVERSION = YES;
				GCC_WARN_ABOUT_RETURN_TYPE = YES_ERROR;
				GCC_WARN_UNDECLARED_SELECTOR = YES;
				GCC_WARN_UNINITIALIZED_AUTOS = YES_AGGRESSIVE;
				GCC_WARN_UNUSED_FUNCTION = YES;
				GCC_WARN_UNUSED_VARIABLE = YES;
				IPHONEOS_DEPLOYMENT_TARGET = 11.0;
				MTL_ENABLE_DEBUG_INFO = NO;
				SDKROOT = iphoneos;
				SWIFT_OPTIMIZATION_LEVEL = "-Owholemodule";
				VALIDATE_PRODUCT = YES;
			};
			name = Release;
		};
		DF7B91871F8B4BDB00118012 /* Debug */ = {
			isa = XCBuildConfiguration;
			buildSettings = {
				ASSETCATALOG_COMPILER_APPICON_NAME = AppIcon;
				CODE_SIGN_STYLE = Automatic;
				DEVELOPMENT_TEAM = 5736QK4NZX;
				INFOPLIST_FILE = FoodTracker/Info.plist;
				LD_RUNPATH_SEARCH_PATHS = "$(inherited) @executable_path/Frameworks";
				PRODUCT_BUNDLE_IDENTIFIER = com.xcv58.FoodTracker;
				PRODUCT_NAME = "$(TARGET_NAME)";
				SWIFT_VERSION = 4.0;
				TARGETED_DEVICE_FAMILY = "1,2";
			};
			name = Debug;
		};
		DF7B91881F8B4BDB00118012 /* Release */ = {
			isa = XCBuildConfiguration;
			buildSettings = {
				ASSETCATALOG_COMPILER_APPICON_NAME = AppIcon;
				CODE_SIGN_STYLE = Automatic;
				DEVELOPMENT_TEAM = 5736QK4NZX;
				INFOPLIST_FILE = FoodTracker/Info.plist;
				LD_RUNPATH_SEARCH_PATHS = "$(inherited) @executable_path/Frameworks";
				PRODUCT_BUNDLE_IDENTIFIER = com.xcv58.FoodTracker;
				PRODUCT_NAME = "$(TARGET_NAME)";
				SWIFT_VERSION = 4.0;
				TARGETED_DEVICE_FAMILY = "1,2";
			};
			name = Release;
		};
		DF7B918A1F8B4BDB00118012 /* Debug */ = {
			isa = XCBuildConfiguration;
			buildSettings = {
				ALWAYS_EMBED_SWIFT_STANDARD_LIBRARIES = YES;
				BUNDLE_LOADER = "$(TEST_HOST)";
				CODE_SIGN_STYLE = Automatic;
				DEVELOPMENT_TEAM = 5736QK4NZX;
				INFOPLIST_FILE = FoodTrackerTests/Info.plist;
				LD_RUNPATH_SEARCH_PATHS = "$(inherited) @executable_path/Frameworks @loader_path/Frameworks";
				PRODUCT_BUNDLE_IDENTIFIER = com.xcv58.FoodTrackerTests;
				PRODUCT_NAME = "$(TARGET_NAME)";
				SWIFT_VERSION = 4.0;
				TARGETED_DEVICE_FAMILY = "1,2";
				TEST_HOST = "$(BUILT_PRODUCTS_DIR)/FoodTracker.app/FoodTracker";
			};
			name = Debug;
		};
		DF7B918B1F8B4BDB00118012 /* Release */ = {
			isa = XCBuildConfiguration;
			buildSettings = {
				ALWAYS_EMBED_SWIFT_STANDARD_LIBRARIES = YES;
				BUNDLE_LOADER = "$(TEST_HOST)";
				CODE_SIGN_STYLE = Automatic;
				DEVELOPMENT_TEAM = 5736QK4NZX;
				INFOPLIST_FILE = FoodTrackerTests/Info.plist;
				LD_RUNPATH_SEARCH_PATHS = "$(inherited) @executable_path/Frameworks @loader_path/Frameworks";
				PRODUCT_BUNDLE_IDENTIFIER = com.xcv58.FoodTrackerTests;
				PRODUCT_NAME = "$(TARGET_NAME)";
				SWIFT_VERSION = 4.0;
				TARGETED_DEVICE_FAMILY = "1,2";
				TEST_HOST = "$(BUILT_PRODUCTS_DIR)/FoodTracker.app/FoodTracker";
			};
			name = Release;
		};
/* End XCBuildConfiguration section */

/* Begin XCConfigurationList section */
		DF7B91641F8B4BDA00118012 /* Build configuration list for PBXProject "FoodTracker" */ = {
			isa = XCConfigurationList;
			buildConfigurations = (
				DF7B91841F8B4BDB00118012 /* Debug */,
				DF7B91851F8B4BDB00118012 /* Release */,
			);
			defaultConfigurationIsVisible = 0;
			defaultConfigurationName = Release;
		};
		DF7B91861F8B4BDB00118012 /* Build configuration list for PBXNativeTarget "FoodTracker" */ = {
			isa = XCConfigurationList;
			buildConfigurations = (
				DF7B91871F8B4BDB00118012 /* Debug */,
				DF7B91881F8B4BDB00118012 /* Release */,
			);
			defaultConfigurationIsVisible = 0;
			defaultConfigurationName = Release;
		};
		DF7B91891F8B4BDB00118012 /* Build configuration list for PBXNativeTarget "FoodTrackerTests" */ = {
			isa = XCConfigurationList;
			buildConfigurations = (
				DF7B918A1F8B4BDB00118012 /* Debug */,
				DF7B918B1F8B4BDB00118012 /* Release */,
			);
			defaultConfigurationIsVisible = 0;
			defaultConfigurationName = Release;
		};
/* End XCConfigurationList section */
	};
	rootObject = DF7B91611F8B4BDA00118012 /* Project object */;
}
